
Microsoft Visual Studio Solution File, Format Version 12.00
# Visual Studio Version 17
VisualStudioVersion = 17.8.34322.80
MinimumVisualStudioVersion = 10.0.40219.1
Project("{9A19103F-16F7-4668-BE54-9A1E7A4F7556}") = "Inkwell", "Inkwell\Inkwell.csproj", "{AFAEDDF7-C903-46FC-90DA-B150ACB8EA76}"
EndProject
Project("{9A19103F-16F7-4668-BE54-9A1E7A4F7556}") = "Core", "Core\Core.csproj", "{EBE8B6D9-D2C1-4287-9A43-CB3A2685FD6F}"
EndProject
Project("{9A19103F-16F7-4668-BE54-9A1E7A4F7556}") = "Data", "Data\Data.csproj", "{11A7A017-6B21-401D-8254-87C994D6798F}"
EndProject
Project("{9A19103F-16F7-4668-BE54-9A1E7A4F7556}") = "Client", "Client\Client.csproj", "{E0E822A0-9559-4EC9-A914-C2743669B578}"
EndProject
Project("{FAE04EC0-301F-11D3-BF4B-00C04F79EFBC}") = "Api", "Api\Api.csproj", "{F0A5B745-7B21-43D1-930D-EE9F466CC33C}"
EndProject
Global
	GlobalSection(SolutionConfigurationPlatforms) = preSolution
		Debug|Any CPU = Debug|Any CPU
		Release|Any CPU = Release|Any CPU
	EndGlobalSection
	GlobalSection(ProjectConfigurationPlatforms) = postSolution
		{AFAEDDF7-C903-46FC-90DA-B150ACB8EA76}.Debug|Any CPU.ActiveCfg = Debug|Any CPU
		{AFAEDDF7-C903-46FC-90DA-B150ACB8EA76}.Debug|Any CPU.Build.0 = Debug|Any CPU
		{AFAEDDF7-C903-46FC-90DA-B150ACB8EA76}.Release|Any CPU.ActiveCfg = Release|Any CPU
		{AFAEDDF7-C903-46FC-90DA-B150ACB8EA76}.Release|Any CPU.Build.0 = Release|Any CPU
		{EBE8B6D9-D2C1-4287-9A43-CB3A2685FD6F}.Debug|Any CPU.ActiveCfg = Debug|Any CPU
		{EBE8B6D9-D2C1-4287-9A43-CB3A2685FD6F}.Debug|Any CPU.Build.0 = Debug|Any CPU
		{EBE8B6D9-D2C1-4287-9A43-CB3A2685FD6F}.Release|Any CPU.ActiveCfg = Release|Any CPU
		{EBE8B6D9-D2C1-4287-9A43-CB3A2685FD6F}.Release|Any CPU.Build.0 = Release|Any CPU
		{11A7A017-6B21-401D-8254-87C994D6798F}.Debug|Any CPU.ActiveCfg = Debug|Any CPU
		{11A7A017-6B21-401D-8254-87C994D6798F}.Debug|Any CPU.Build.0 = Debug|Any CPU
		{11A7A017-6B21-401D-8254-87C994D6798F}.Release|Any CPU.ActiveCfg = Release|Any CPU
		{11A7A017-6B21-401D-8254-87C994D6798F}.Release|Any CPU.Build.0 = Release|Any CPU
		{E0E822A0-9559-4EC9-A914-C2743669B578}.Debug|Any CPU.ActiveCfg = Debug|Any CPU
		{E0E822A0-9559-4EC9-A914-C2743669B578}.Release|Any CPU.ActiveCfg = Release|Any CPU
		{F0A5B745-7B21-43D1-930D-EE9F466CC33C}.Debug|Any CPU.ActiveCfg = Debug|Any CPU
		{F0A5B745-7B21-43D1-930D-EE9F466CC33C}.Debug|Any CPU.Build.0 = Debug|Any CPU
		{F0A5B745-7B21-43D1-930D-EE9F466CC33C}.Release|Any CPU.ActiveCfg = Release|Any CPU
		{F0A5B745-7B21-43D1-930D-EE9F466CC33C}.Release|Any CPU.Build.0 = Release|Any CPU
	EndGlobalSection
	GlobalSection(SolutionProperties) = preSolution
		HideSolutionNode = FALSE
	EndGlobalSection
	GlobalSection(ExtensibilityGlobals) = postSolution
		SolutionGuid = {C49333D9-E5DC-4107-BFDB-09B80D1AD0E4}
	EndGlobalSection
EndGlobal
